
Microsoft Visual Studio Solution File, Format Version 12.00
# Visual Studio Version 16
VisualStudioVersion = 16.0.29609.76
MinimumVisualStudioVersion = 10.0.40219.1
Project("{FAE04EC0-301F-11D3-BF4B-00C04F79EFBC}") = "RadioApplication", "RadioApplication.csproj", "{5FA85650-CD51-43C1-AA8A-15DA53189977}"
EndProject
Project("{FAE04EC0-301F-11D3-BF4B-00C04F79EFBC}") = "RadioApplicationUnitTests", "RadioApplicationUnitTests\RadioApplicationUnitTests.csproj", "{9F81E132-E3D5-4F2D-985D-3056AB231D0B}"
EndProject
Global
	GlobalSection(SolutionConfigurationPlatforms) = preSolution
		Debug|Any CPU = Debug|Any CPU
		Release|Any CPU = Release|Any CPU
	EndGlobalSection
	GlobalSection(ProjectConfigurationPlatforms) = postSolution
		{5FA85650-CD51-43C1-AA8A-15DA53189977}.Debug|Any CPU.ActiveCfg = Debug|Any CPU
		{5FA85650-CD51-43C1-AA8A-15DA53189977}.Debug|Any CPU.Build.0 = Debug|Any CPU
		{5FA85650-CD51-43C1-AA8A-15DA53189977}.Release|Any CPU.ActiveCfg = Release|Any CPU
		{5FA85650-CD51-43C1-AA8A-15DA53189977}.Release|Any CPU.Build.0 = Release|Any CPU
		{9F81E132-E3D5-4F2D-985D-3056AB231D0B}.Debug|Any CPU.ActiveCfg = Debug|Any CPU
		{9F81E132-E3D5-4F2D-985D-3056AB231D0B}.Debug|Any CPU.Build.0 = Debug|Any CPU
		{9F81E132-E3D5-4F2D-985D-3056AB231D0B}.Release|Any CPU.ActiveCfg = Release|Any CPU
		{9F81E132-E3D5-4F2D-985D-3056AB231D0B}.Release|Any CPU.Build.0 = Release|Any CPU
	EndGlobalSection
	GlobalSection(SolutionProperties) = preSolution
		HideSolutionNode = FALSE
	EndGlobalSection
	GlobalSection(ExtensibilityGlobals) = postSolution
		SolutionGuid = {DBEE6AF5-3091-4085-A6B6-B97B2F656B74}
	EndGlobalSection
EndGlobal
